
Microsoft Visual Studio Solution File, Format Version 12.00
# Visual Studio 15
Project("{FAE04EC0-301F-11D3-BF4B-00C04F79EFBC}") = "Assembly-CSharp", "Assembly-CSharp.csproj", "{436ADA37-61D3-C1CD-FC0C-EDB949037C7A}"
EndProject
Project("{FAE04EC0-301F-11D3-BF4B-00C04F79EFBC}") = "Assembly-CSharp-firstpass", "Assembly-CSharp-firstpass.csproj", "{241AACFC-B42C-2131-F3A9-FF03F1572987}"
EndProject
Project("{FAE04EC0-301F-11D3-BF4B-00C04F79EFBC}") = "Assembly-CSharp-Editor-firstpass", "Assembly-CSharp-Editor-firstpass.csproj", "{B2E2966C-23D4-EE50-D669-FCA977DB6DC0}"
EndProject
Project("{FAE04EC0-301F-11D3-BF4B-00C04F79EFBC}") = "Assembly-CSharp-Editor", "Assembly-CSharp-Editor.csproj", "{01031982-71F6-0827-88A1-0E20216D0DA2}"
EndProject
Global
	GlobalSection(SolutionConfigurationPlatforms) = preSolution
		Debug|Any CPU = Debug|Any CPU
		Release|Any CPU = Release|Any CPU
	EndGlobalSection
	GlobalSection(ProjectConfigurationPlatforms) = postSolution
		{436ADA37-61D3-C1CD-FC0C-EDB949037C7A}.Debug|Any CPU.ActiveCfg = Debug|Any CPU
		{436ADA37-61D3-C1CD-FC0C-EDB949037C7A}.Debug|Any CPU.Build.0 = Debug|Any CPU
		{436ADA37-61D3-C1CD-FC0C-EDB949037C7A}.Release|Any CPU.ActiveCfg = Release|Any CPU
		{436ADA37-61D3-C1CD-FC0C-EDB949037C7A}.Release|Any CPU.Build.0 = Release|Any CPU
		{241AACFC-B42C-2131-F3A9-FF03F1572987}.Debug|Any CPU.ActiveCfg = Debug|Any CPU
		{241AACFC-B42C-2131-F3A9-FF03F1572987}.Debug|Any CPU.Build.0 = Debug|Any CPU
		{241AACFC-B42C-2131-F3A9-FF03F1572987}.Release|Any CPU.ActiveCfg = Release|Any CPU
		{241AACFC-B42C-2131-F3A9-FF03F1572987}.Release|Any CPU.Build.0 = Release|Any CPU
		{B2E2966C-23D4-EE50-D669-FCA977DB6DC0}.Debug|Any CPU.ActiveCfg = Debug|Any CPU
		{B2E2966C-23D4-EE50-D669-FCA977DB6DC0}.Debug|Any CPU.Build.0 = Debug|Any CPU
		{B2E2966C-23D4-EE50-D669-FCA977DB6DC0}.Release|Any CPU.ActiveCfg = Release|Any CPU
		{B2E2966C-23D4-EE50-D669-FCA977DB6DC0}.Release|Any CPU.Build.0 = Release|Any CPU
		{01031982-71F6-0827-88A1-0E20216D0DA2}.Debug|Any CPU.ActiveCfg = Debug|Any CPU
		{01031982-71F6-0827-88A1-0E20216D0DA2}.Debug|Any CPU.Build.0 = Debug|Any CPU
		{01031982-71F6-0827-88A1-0E20216D0DA2}.Release|Any CPU.ActiveCfg = Release|Any CPU
		{01031982-71F6-0827-88A1-0E20216D0DA2}.Release|Any CPU.Build.0 = Release|Any CPU
	EndGlobalSection
	GlobalSection(SolutionProperties) = preSolution
		HideSolutionNode = FALSE
	EndGlobalSection
EndGlobal
